
Microsoft Visual Studio Solution File, Format Version 12.00
# Visual Studio Version 17
VisualStudioVersion = 17.3.32929.385
MinimumVisualStudioVersion = 10.0.40219.1
Project("{FAE04EC0-301F-11D3-BF4B-00C04F79EFBC}") = "RobloxPresenceBruh", "RobloxPresenceBruh\RobloxPresenceBruh.csproj", "{29C19969-DA15-4525-B87E-B40779A3BA61}"
EndProject
Global
	GlobalSection(SolutionConfigurationPlatforms) = preSolution
		Debug|Any CPU = Debug|Any CPU
		Release|Any CPU = Release|Any CPU
	EndGlobalSection
	GlobalSection(ProjectConfigurationPlatforms) = postSolution
		{29C19969-DA15-4525-B87E-B40779A3BA61}.Debug|Any CPU.ActiveCfg = Debug|Any CPU
		{29C19969-DA15-4525-B87E-B40779A3BA61}.Debug|Any CPU.Build.0 = Debug|Any CPU
		{29C19969-DA15-4525-B87E-B40779A3BA61}.Release|Any CPU.ActiveCfg = Release|Any CPU
		{29C19969-DA15-4525-B87E-B40779A3BA61}.Release|Any CPU.Build.0 = Release|Any CPU
	EndGlobalSection
	GlobalSection(SolutionProperties) = preSolution
		HideSolutionNode = FALSE
	EndGlobalSection
	GlobalSection(ExtensibilityGlobals) = postSolution
		SolutionGuid = {363958E5-5B37-42F7-8C71-4E184ED94540}
	EndGlobalSection
EndGlobal
